
Microsoft Visual Studio Solution File, Format Version 12.00
# Visual Studio Version 17
VisualStudioVersion = 17.13.35825.156 d17.13
MinimumVisualStudioVersion = 10.0.40219.1
Project("{FAE04EC0-301F-11D3-BF4B-00C04F79EFBC}") = "PRG172-182Project", "PRG172-182Project.csproj", "{30CE2AE9-9481-468B-B931-F949FF82648C}"
EndProject
Global
	GlobalSection(SolutionConfigurationPlatforms) = preSolution
		Debug|Any CPU = Debug|Any CPU
		Release|Any CPU = Release|Any CPU
	EndGlobalSection
	GlobalSection(ProjectConfigurationPlatforms) = postSolution
		{30CE2AE9-9481-468B-B931-F949FF82648C}.Debug|Any CPU.ActiveCfg = Debug|Any CPU
		{30CE2AE9-9481-468B-B931-F949FF82648C}.Debug|Any CPU.Build.0 = Debug|Any CPU
		{30CE2AE9-9481-468B-B931-F949FF82648C}.Release|Any CPU.ActiveCfg = Release|Any CPU
		{30CE2AE9-9481-468B-B931-F949FF82648C}.Release|Any CPU.Build.0 = Release|Any CPU
	EndGlobalSection
	GlobalSection(SolutionProperties) = preSolution
		HideSolutionNode = FALSE
	EndGlobalSection
	GlobalSection(ExtensibilityGlobals) = postSolution
		SolutionGuid = {962BF873-0E71-495B-B212-71E550137091}
	EndGlobalSection
EndGlobal
